// !$*UTF8*$!
{
	archiveVersion = 1;
	classes = {
	};
	objectVersion = 56;
	objects = {

/* Begin PBXBuildFile section */
		2269F1252B1D3D0100E79AEC /* HomeView.swift in Sources */ = {isa = PBXBuildFile; fileRef = 2269F1242B1D3D0100E79AEC /* HomeView.swift */; };
		2269F1272B1D3D0C00E79AEC /* ProfilView.swift in Sources */ = {isa = PBXBuildFile; fileRef = 2269F1262B1D3D0C00E79AEC /* ProfilView.swift */; };
		2269F1292B1D3D1A00E79AEC /* OptionView.swift in Sources */ = {isa = PBXBuildFile; fileRef = 2269F1282B1D3D1A00E79AEC /* OptionView.swift */; };
		2271F7652B18AA0C00B57E01 /* MainPage.swift in Sources */ = {isa = PBXBuildFile; fileRef = 2271F7642B18AA0C00B57E01 /* MainPage.swift */; };
		22766CD62B17898000DCAD17 /* AREAApp.swift in Sources */ = {isa = PBXBuildFile; fileRef = 22766CD52B17898000DCAD17 /* AREAApp.swift */; };
		22766CD82B17898000DCAD17 /* ContentView.swift in Sources */ = {isa = PBXBuildFile; fileRef = 22766CD72B17898000DCAD17 /* ContentView.swift */; };
		22766CDA2B17898100DCAD17 /* Assets.xcassets in Resources */ = {isa = PBXBuildFile; fileRef = 22766CD92B17898100DCAD17 /* Assets.xcassets */; };
		22766CDE2B17898100DCAD17 /* Preview Assets.xcassets in Resources */ = {isa = PBXBuildFile; fileRef = 22766CDD2B17898100DCAD17 /* Preview Assets.xcassets */; };
		22766CE82B17898200DCAD17 /* AREATests.swift in Sources */ = {isa = PBXBuildFile; fileRef = 22766CE72B17898200DCAD17 /* AREATests.swift */; };
		22766CF22B17898200DCAD17 /* AREAUITests.swift in Sources */ = {isa = PBXBuildFile; fileRef = 22766CF12B17898200DCAD17 /* AREAUITests.swift */; };
		22766CF42B17898200DCAD17 /* AREAUITestsLaunchTests.swift in Sources */ = {isa = PBXBuildFile; fileRef = 22766CF32B17898200DCAD17 /* AREAUITestsLaunchTests.swift */; };
		229013FC2B1CF03F00BF5929 /* testView.swift in Sources */ = {isa = PBXBuildFile; fileRef = 229013FB2B1CF03F00BF5929 /* testView.swift */; };
/* End PBXBuildFile section */

/* Begin PBXContainerItemProxy section */
		22766CE42B17898200DCAD17 /* PBXContainerItemProxy */ = {
			isa = PBXContainerItemProxy;
			containerPortal = 22766CCA2B17898000DCAD17 /* Project object */;
			proxyType = 1;
			remoteGlobalIDString = 22766CD12B17898000DCAD17;
			remoteInfo = AREA;
		};
		22766CEE2B17898200DCAD17 /* PBXContainerItemProxy */ = {
			isa = PBXContainerItemProxy;
			containerPortal = 22766CCA2B17898000DCAD17 /* Project object */;
			proxyType = 1;
			remoteGlobalIDString = 22766CD12B17898000DCAD17;
			remoteInfo = AREA;
		};
/* End PBXContainerItemProxy section */

/* Begin PBXFileReference section */
		2269F1242B1D3D0100E79AEC /* HomeView.swift */ = {isa = PBXFileReference; lastKnownFileType = sourcecode.swift; path = HomeView.swift; sourceTree = "<group>"; };
		2269F1262B1D3D0C00E79AEC /* ProfilView.swift */ = {isa = PBXFileReference; lastKnownFileType = sourcecode.swift; path = ProfilView.swift; sourceTree = "<group>"; };
		2269F1282B1D3D1A00E79AEC /* OptionView.swift */ = {isa = PBXFileReference; lastKnownFileType = sourcecode.swift; path = OptionView.swift; sourceTree = "<group>"; };
		2271F7642B18AA0C00B57E01 /* MainPage.swift */ = {isa = PBXFileReference; lastKnownFileType = sourcecode.swift; path = MainPage.swift; sourceTree = "<group>"; };
		22766CD22B17898000DCAD17 /* AREA.app */ = {isa = PBXFileReference; explicitFileType = wrapper.application; includeInIndex = 0; path = AREA.app; sourceTree = BUILT_PRODUCTS_DIR; };
		22766CD52B17898000DCAD17 /* AREAApp.swift */ = {isa = PBXFileReference; lastKnownFileType = sourcecode.swift; path = AREAApp.swift; sourceTree = "<group>"; };
		22766CD72B17898000DCAD17 /* ContentView.swift */ = {isa = PBXFileReference; lastKnownFileType = sourcecode.swift; path = ContentView.swift; sourceTree = "<group>"; };
		22766CD92B17898100DCAD17 /* Assets.xcassets */ = {isa = PBXFileReference; lastKnownFileType = folder.assetcatalog; path = Assets.xcassets; sourceTree = "<group>"; };
		22766CDB2B17898100DCAD17 /* AREA.entitlements */ = {isa = PBXFileReference; lastKnownFileType = text.plist.entitlements; path = AREA.entitlements; sourceTree = "<group>"; };
		22766CDD2B17898100DCAD17 /* Preview Assets.xcassets */ = {isa = PBXFileReference; lastKnownFileType = folder.assetcatalog; path = "Preview Assets.xcassets"; sourceTree = "<group>"; };
		22766CE32B17898200DCAD17 /* AREATests.xctest */ = {isa = PBXFileReference; explicitFileType = wrapper.cfbundle; includeInIndex = 0; path = AREATests.xctest; sourceTree = BUILT_PRODUCTS_DIR; };
		22766CE72B17898200DCAD17 /* AREATests.swift */ = {isa = PBXFileReference; lastKnownFileType = sourcecode.swift; path = AREATests.swift; sourceTree = "<group>"; };
		22766CED2B17898200DCAD17 /* AREAUITests.xctest */ = {isa = PBXFileReference; explicitFileType = wrapper.cfbundle; includeInIndex = 0; path = AREAUITests.xctest; sourceTree = BUILT_PRODUCTS_DIR; };
		22766CF12B17898200DCAD17 /* AREAUITests.swift */ = {isa = PBXFileReference; lastKnownFileType = sourcecode.swift; path = AREAUITests.swift; sourceTree = "<group>"; };
		22766CF32B17898200DCAD17 /* AREAUITestsLaunchTests.swift */ = {isa = PBXFileReference; lastKnownFileType = sourcecode.swift; path = AREAUITestsLaunchTests.swift; sourceTree = "<group>"; };
		229013FB2B1CF03F00BF5929 /* testView.swift */ = {isa = PBXFileReference; lastKnownFileType = sourcecode.swift; path = testView.swift; sourceTree = "<group>"; };
/* End PBXFileReference section */

/* Begin PBXFrameworksBuildPhase section */
		22766CCF2B17898000DCAD17 /* Frameworks */ = {
			isa = PBXFrameworksBuildPhase;
			buildActionMask = 2147483647;
			files = (
			);
			runOnlyForDeploymentPostprocessing = 0;
		};
		22766CE02B17898200DCAD17 /* Frameworks */ = {
			isa = PBXFrameworksBuildPhase;
			buildActionMask = 2147483647;
			files = (
			);
			runOnlyForDeploymentPostprocessing = 0;
		};
		22766CEA2B17898200DCAD17 /* Frameworks */ = {
			isa = PBXFrameworksBuildPhase;
			buildActionMask = 2147483647;
			files = (
			);
			runOnlyForDeploymentPostprocessing = 0;
		};
/* End PBXFrameworksBuildPhase section */

/* Begin PBXGroup section */
		22766CC92B17898000DCAD17 = {
			isa = PBXGroup;
			children = (
				22766CD42B17898000DCAD17 /* AREA */,
				22766CE62B17898200DCAD17 /* AREATests */,
				22766CF02B17898200DCAD17 /* AREAUITests */,
				22766CD32B17898000DCAD17 /* Products */,
			);
			sourceTree = "<group>";
		};
		22766CD32B17898000DCAD17 /* Products */ = {
			isa = PBXGroup;
			children = (
				22766CD22B17898000DCAD17 /* AREA.app */,
				22766CE32B17898200DCAD17 /* AREATests.xctest */,
				22766CED2B17898200DCAD17 /* AREAUITests.xctest */,
			);
			name = Products;
			sourceTree = "<group>";
		};
		22766CD42B17898000DCAD17 /* AREA */ = {
			isa = PBXGroup;
			children = (
				22766CD52B17898000DCAD17 /* AREAApp.swift */,
				22766CD72B17898000DCAD17 /* ContentView.swift */,
				2271F7642B18AA0C00B57E01 /* MainPage.swift */,
				229013FB2B1CF03F00BF5929 /* testView.swift */,
				2269F1242B1D3D0100E79AEC /* HomeView.swift */,
				2269F1262B1D3D0C00E79AEC /* ProfilView.swift */,
				2269F1282B1D3D1A00E79AEC /* OptionView.swift */,
				22766CD92B17898100DCAD17 /* Assets.xcassets */,
				22766CDB2B17898100DCAD17 /* AREA.entitlements */,
				22766CDC2B17898100DCAD17 /* Preview Content */,
			);
			path = AREA;
			sourceTree = "<group>";
		};
		22766CDC2B17898100DCAD17 /* Preview Content */ = {
			isa = PBXGroup;
			children = (
				22766CDD2B17898100DCAD17 /* Preview Assets.xcassets */,
			);
			path = "Preview Content";
			sourceTree = "<group>";
		};
		22766CE62B17898200DCAD17 /* AREATests */ = {
			isa = PBXGroup;
			children = (
				22766CE72B17898200DCAD17 /* AREATests.swift */,
			);
			path = AREATests;
			sourceTree = "<group>";
		};
		22766CF02B17898200DCAD17 /* AREAUITests */ = {
			isa = PBXGroup;
			children = (
				22766CF12B17898200DCAD17 /* AREAUITests.swift */,
				22766CF32B17898200DCAD17 /* AREAUITestsLaunchTests.swift */,
			);
			path = AREAUITests;
			sourceTree = "<group>";
		};
/* End PBXGroup section */

/* Begin PBXNativeTarget section */
		22766CD12B17898000DCAD17 /* AREA */ = {
			isa = PBXNativeTarget;
			buildConfigurationList = 22766CF72B17898200DCAD17 /* Build configuration list for PBXNativeTarget "AREA" */;
			buildPhases = (
				22766CCE2B17898000DCAD17 /* Sources */,
				22766CCF2B17898000DCAD17 /* Frameworks */,
				22766CD02B17898000DCAD17 /* Resources */,
			);
			buildRules = (
			);
			dependencies = (
			);
			name = AREA;
			productName = AREA;
			productReference = 22766CD22B17898000DCAD17 /* AREA.app */;
			productType = "com.apple.product-type.application";
		};
		22766CE22B17898200DCAD17 /* AREATests */ = {
			isa = PBXNativeTarget;
			buildConfigurationList = 22766CFA2B17898200DCAD17 /* Build configuration list for PBXNativeTarget "AREATests" */;
			buildPhases = (
				22766CDF2B17898200DCAD17 /* Sources */,
				22766CE02B17898200DCAD17 /* Frameworks */,
				22766CE12B17898200DCAD17 /* Resources */,
			);
			buildRules = (
			);
			dependencies = (
				22766CE52B17898200DCAD17 /* PBXTargetDependency */,
			);
			name = AREATests;
			productName = AREATests;
			productReference = 22766CE32B17898200DCAD17 /* AREATests.xctest */;
			productType = "com.apple.product-type.bundle.unit-test";
		};
		22766CEC2B17898200DCAD17 /* AREAUITests */ = {
			isa = PBXNativeTarget;
			buildConfigurationList = 22766CFD2B17898200DCAD17 /* Build configuration list for PBXNativeTarget "AREAUITests" */;
			buildPhases = (
				22766CE92B17898200DCAD17 /* Sources */,
				22766CEA2B17898200DCAD17 /* Frameworks */,
				22766CEB2B17898200DCAD17 /* Resources */,
			);
			buildRules = (
			);
			dependencies = (
				22766CEF2B17898200DCAD17 /* PBXTargetDependency */,
			);
			name = AREAUITests;
			productName = AREAUITests;
			productReference = 22766CED2B17898200DCAD17 /* AREAUITests.xctest */;
			productType = "com.apple.product-type.bundle.ui-testing";
		};
/* End PBXNativeTarget section */

/* Begin PBXProject section */
		22766CCA2B17898000DCAD17 /* Project object */ = {
			isa = PBXProject;
			attributes = {
				BuildIndependentTargetsInParallel = 1;
				LastSwiftUpdateCheck = 1500;
				LastUpgradeCheck = 1500;
				TargetAttributes = {
					22766CD12B17898000DCAD17 = {
						CreatedOnToolsVersion = 15.0.1;
					};
					22766CE22B17898200DCAD17 = {
						CreatedOnToolsVersion = 15.0.1;
						TestTargetID = 22766CD12B17898000DCAD17;
					};
					22766CEC2B17898200DCAD17 = {
						CreatedOnToolsVersion = 15.0.1;
						TestTargetID = 22766CD12B17898000DCAD17;
					};
				};
			};
			buildConfigurationList = 22766CCD2B17898000DCAD17 /* Build configuration list for PBXProject "AREA" */;
			compatibilityVersion = "Xcode 14.0";
			developmentRegion = en;
			hasScannedForEncodings = 0;
			knownRegions = (
				en,
				Base,
			);
			mainGroup = 22766CC92B17898000DCAD17;
			productRefGroup = 22766CD32B17898000DCAD17 /* Products */;
			projectDirPath = "";
			projectRoot = "";
			targets = (
				22766CD12B17898000DCAD17 /* AREA */,
				22766CE22B17898200DCAD17 /* AREATests */,
				22766CEC2B17898200DCAD17 /* AREAUITests */,
			);
		};
/* End PBXProject section */

/* Begin PBXResourcesBuildPhase section */
		22766CD02B17898000DCAD17 /* Resources */ = {
			isa = PBXResourcesBuildPhase;
			buildActionMask = 2147483647;
			files = (
				22766CDE2B17898100DCAD17 /* Preview Assets.xcassets in Resources */,
				22766CDA2B17898100DCAD17 /* Assets.xcassets in Resources */,
			);
			runOnlyForDeploymentPostprocessing = 0;
		};
		22766CE12B17898200DCAD17 /* Resources */ = {
			isa = PBXResourcesBuildPhase;
			buildActionMask = 2147483647;
			files = (
			);
			runOnlyForDeploymentPostprocessing = 0;
		};
		22766CEB2B17898200DCAD17 /* Resources */ = {
			isa = PBXResourcesBuildPhase;
			buildActionMask = 2147483647;
			files = (
			);
			runOnlyForDeploymentPostprocessing = 0;
		};
/* End PBXResourcesBuildPhase section */

/* Begin PBXSourcesBuildPhase section */
		22766CCE2B17898000DCAD17 /* Sources */ = {
			isa = PBXSourcesBuildPhase;
			buildActionMask = 2147483647;
			files = (
				2269F1292B1D3D1A00E79AEC /* OptionView.swift in Sources */,
				229013FC2B1CF03F00BF5929 /* testView.swift in Sources */,
				22766CD82B17898000DCAD17 /* ContentView.swift in Sources */,
				2269F1272B1D3D0C00E79AEC /* ProfilView.swift in Sources */,
				22766CD62B17898000DCAD17 /* AREAApp.swift in Sources */,
				2269F1252B1D3D0100E79AEC /* HomeView.swift in Sources */,
				2271F7652B18AA0C00B57E01 /* MainPage.swift in Sources */,
			);
			runOnlyForDeploymentPostprocessing = 0;
		};
		22766CDF2B17898200DCAD17 /* Sources */ = {
			isa = PBXSourcesBuildPhase;
			buildActionMask = 2147483647;
			files = (
				22766CE82B17898200DCAD17 /* AREATests.swift in Sources */,
			);
			runOnlyForDeploymentPostprocessing = 0;
		};
		22766CE92B17898200DCAD17 /* Sources */ = {
			isa = PBXSourcesBuildPhase;
			buildActionMask = 2147483647;
			files = (
				22766CF22B17898200DCAD17 /* AREAUITests.swift in Sources */,
				22766CF42B17898200DCAD17 /* AREAUITestsLaunchTests.swift in Sources */,
			);
			runOnlyForDeploymentPostprocessing = 0;
		};
/* End PBXSourcesBuildPhase section */

/* Begin PBXTargetDependency section */
		22766CE52B17898200DCAD17 /* PBXTargetDependency */ = {
			isa = PBXTargetDependency;
			target = 22766CD12B17898000DCAD17 /* AREA */;
			targetProxy = 22766CE42B17898200DCAD17 /* PBXContainerItemProxy */;
		};
		22766CEF2B17898200DCAD17 /* PBXTargetDependency */ = {
			isa = PBXTargetDependency;
			target = 22766CD12B17898000DCAD17 /* AREA */;
			targetProxy = 22766CEE2B17898200DCAD17 /* PBXContainerItemProxy */;
		};
/* End PBXTargetDependency section */

/* Begin XCBuildConfiguration section */
		22766CF52B17898200DCAD17 /* Debug */ = {
			isa = XCBuildConfiguration;
			buildSettings = {
				ALWAYS_SEARCH_USER_PATHS = NO;
				ASSETCATALOG_COMPILER_GENERATE_SWIFT_ASSET_SYMBOL_EXTENSIONS = YES;
				CLANG_ANALYZER_NONNULL = YES;
				CLANG_ANALYZER_NUMBER_OBJECT_CONVERSION = YES_AGGRESSIVE;
				CLANG_CXX_LANGUAGE_STANDARD = "gnu++20";
				CLANG_ENABLE_MODULES = YES;
				CLANG_ENABLE_OBJC_ARC = YES;
				CLANG_ENABLE_OBJC_WEAK = YES;
				CLANG_WARN_BLOCK_CAPTURE_AUTORELEASING = YES;
				CLANG_WARN_BOOL_CONVERSION = YES;
				CLANG_WARN_COMMA = YES;
				CLANG_WARN_CONSTANT_CONVERSION = YES;
				CLANG_WARN_DEPRECATED_OBJC_IMPLEMENTATIONS = YES;
				CLANG_WARN_DIRECT_OBJC_ISA_USAGE = YES_ERROR;
				CLANG_WARN_DOCUMENTATION_COMMENTS = YES;
				CLANG_WARN_EMPTY_BODY = YES;
				CLANG_WARN_ENUM_CONVERSION = YES;
				CLANG_WARN_INFINITE_RECURSION = YES;
				CLANG_WARN_INT_CONVERSION = YES;
				CLANG_WARN_NON_LITERAL_NULL_CONVERSION = YES;
				CLANG_WARN_OBJC_IMPLICIT_RETAIN_SELF = YES;
				CLANG_WARN_OBJC_LITERAL_CONVERSION = YES;
				CLANG_WARN_OBJC_ROOT_CLASS = YES_ERROR;
				CLANG_WARN_QUOTED_INCLUDE_IN_FRAMEWORK_HEADER = YES;
				CLANG_WARN_RANGE_LOOP_ANALYSIS = YES;
				CLANG_WARN_STRICT_PROTOTYPES = YES;
				CLANG_WARN_SUSPICIOUS_MOVE = YES;
				CLANG_WARN_UNGUARDED_AVAILABILITY = YES_AGGRESSIVE;
				CLANG_WARN_UNREACHABLE_CODE = YES;
				CLANG_WARN__DUPLICATE_METHOD_MATCH = YES;
				COPY_PHASE_STRIP = NO;
				DEBUG_INFORMATION_FORMAT = dwarf;
				ENABLE_STRICT_OBJC_MSGSEND = YES;
				ENABLE_TESTABILITY = YES;
				ENABLE_USER_SCRIPT_SANDBOXING = YES;
				GCC_C_LANGUAGE_STANDARD = gnu17;
				GCC_DYNAMIC_NO_PIC = NO;
				GCC_NO_COMMON_BLOCKS = YES;
				GCC_OPTIMIZATION_LEVEL = 0;
				GCC_PREPROCESSOR_DEFINITIONS = (
					"DEBUG=1",
					"$(inherited)",
				);
				GCC_WARN_64_TO_32_BIT_CONVERSION = YES;
				GCC_WARN_ABOUT_RETURN_TYPE = YES_ERROR;
				GCC_WARN_UNDECLARED_SELECTOR = YES;
				GCC_WARN_UNINITIALIZED_AUTOS = YES_AGGRESSIVE;
				GCC_WARN_UNUSED_FUNCTION = YES;
				GCC_WARN_UNUSED_VARIABLE = YES;
				LOCALIZATION_PREFERS_STRING_CATALOGS = YES;
				MTL_ENABLE_DEBUG_INFO = INCLUDE_SOURCE;
				MTL_FAST_MATH = YES;
				ONLY_ACTIVE_ARCH = YES;
				SWIFT_ACTIVE_COMPILATION_CONDITIONS = "DEBUG $(inherited)";
				SWIFT_OPTIMIZATION_LEVEL = "-Onone";
			};
			name = Debug;
		};
		22766CF62B17898200DCAD17 /* Release */ = {
			isa = XCBuildConfiguration;
			buildSettings = {
				ALWAYS_SEARCH_USER_PATHS = NO;
				ASSETCATALOG_COMPILER_GENERATE_SWIFT_ASSET_SYMBOL_EXTENSIONS = YES;
				CLANG_ANALYZER_NONNULL = YES;
				CLANG_ANALYZER_NUMBER_OBJECT_CONVERSION = YES_AGGRESSIVE;
				CLANG_CXX_LANGUAGE_STANDARD = "gnu++20";
				CLANG_ENABLE_MODULES = YES;
				CLANG_ENABLE_OBJC_ARC = YES;
				CLANG_ENABLE_OBJC_WEAK = YES;
				CLANG_WARN_BLOCK_CAPTURE_AUTORELEASING = YES;
				CLANG_WARN_BOOL_CONVERSION = YES;
				CLANG_WARN_COMMA = YES;
				CLANG_WARN_CONSTANT_CONVERSION = YES;
				CLANG_WARN_DEPRECATED_OBJC_IMPLEMENTATIONS = YES;
				CLANG_WARN_DIRECT_OBJC_ISA_USAGE = YES_ERROR;
				CLANG_WARN_DOCUMENTATION_COMMENTS = YES;
				CLANG_WARN_EMPTY_BODY = YES;
				CLANG_WARN_ENUM_CONVERSION = YES;
				CLANG_WARN_INFINITE_RECURSION = YES;
				CLANG_WARN_INT_CONVERSION = YES;
				CLANG_WARN_NON_LITERAL_NULL_CONVERSION = YES;
				CLANG_WARN_OBJC_IMPLICIT_RETAIN_SELF = YES;
				CLANG_WARN_OBJC_LITERAL_CONVERSION = YES;
				CLANG_WARN_OBJC_ROOT_CLASS = YES_ERROR;
				CLANG_WARN_QUOTED_INCLUDE_IN_FRAMEWORK_HEADER = YES;
				CLANG_WARN_RANGE_LOOP_ANALYSIS = YES;
				CLANG_WARN_STRICT_PROTOTYPES = YES;
				CLANG_WARN_SUSPICIOUS_MOVE = YES;
				CLANG_WARN_UNGUARDED_AVAILABILITY = YES_AGGRESSIVE;
				CLANG_WARN_UNREACHABLE_CODE = YES;
				CLANG_WARN__DUPLICATE_METHOD_MATCH = YES;
				COPY_PHASE_STRIP = NO;
				DEBUG_INFORMATION_FORMAT = "dwarf-with-dsym";
				ENABLE_NS_ASSERTIONS = NO;
				ENABLE_STRICT_OBJC_MSGSEND = YES;
				ENABLE_USER_SCRIPT_SANDBOXING = YES;
				GCC_C_LANGUAGE_STANDARD = gnu17;
				GCC_NO_COMMON_BLOCKS = YES;
				GCC_WARN_64_TO_32_BIT_CONVERSION = YES;
				GCC_WARN_ABOUT_RETURN_TYPE = YES_ERROR;
				GCC_WARN_UNDECLARED_SELECTOR = YES;
				GCC_WARN_UNINITIALIZED_AUTOS = YES_AGGRESSIVE;
				GCC_WARN_UNUSED_FUNCTION = YES;
				GCC_WARN_UNUSED_VARIABLE = YES;
				LOCALIZATION_PREFERS_STRING_CATALOGS = YES;
				MTL_ENABLE_DEBUG_INFO = NO;
				MTL_FAST_MATH = YES;
				SWIFT_COMPILATION_MODE = wholemodule;
			};
			name = Release;
		};
		22766CF82B17898200DCAD17 /* Debug */ = {
			isa = XCBuildConfiguration;
			buildSettings = {
				ASSETCATALOG_COMPILER_APPICON_NAME = AppIcon;
				ASSETCATALOG_COMPILER_GLOBAL_ACCENT_COLOR_NAME = AccentColor;
				CODE_SIGN_ENTITLEMENTS = AREA/AREA.entitlements;
				CODE_SIGN_STYLE = Automatic;
				CURRENT_PROJECT_VERSION = 1;
				DEVELOPMENT_ASSET_PATHS = "\"AREA/Preview Content\"";
				DEVELOPMENT_TEAM = Q8S7K6T5YJ;
				ENABLE_HARDENED_RUNTIME = YES;
				ENABLE_PREVIEWS = YES;
				GENERATE_INFOPLIST_FILE = YES;
				"INFOPLIST_KEY_UIApplicationSceneManifest_Generation[sdk=iphoneos*]" = YES;
				"INFOPLIST_KEY_UIApplicationSceneManifest_Generation[sdk=iphonesimulator*]" = YES;
				"INFOPLIST_KEY_UIApplicationSupportsIndirectInputEvents[sdk=iphoneos*]" = YES;
				"INFOPLIST_KEY_UIApplicationSupportsIndirectInputEvents[sdk=iphonesimulator*]" = YES;
				"INFOPLIST_KEY_UILaunchScreen_Generation[sdk=iphoneos*]" = YES;
				"INFOPLIST_KEY_UILaunchScreen_Generation[sdk=iphonesimulator*]" = YES;
				"INFOPLIST_KEY_UIStatusBarStyle[sdk=iphoneos*]" = UIStatusBarStyleDefault;
				"INFOPLIST_KEY_UIStatusBarStyle[sdk=iphonesimulator*]" = UIStatusBarStyleDefault;
				INFOPLIST_KEY_UISupportedInterfaceOrientations_iPad = "UIInterfaceOrientationPortrait UIInterfaceOrientationPortraitUpsideDown UIInterfaceOrientationLandscapeLeft UIInterfaceOrientationLandscapeRight";
				INFOPLIST_KEY_UISupportedInterfaceOrientations_iPhone = "UIInterfaceOrientationPortrait UIInterfaceOrientationLandscapeLeft UIInterfaceOrientationLandscapeRight";
				IPHONEOS_DEPLOYMENT_TARGET = 17.0;
				LD_RUNPATH_SEARCH_PATHS = "@executable_path/Frameworks";
				"LD_RUNPATH_SEARCH_PATHS[sdk=macosx*]" = "@executable_path/../Frameworks";
				MACOSX_DEPLOYMENT_TARGET = 14.0;
				MARKETING_VERSION = 1.0;
				PRODUCT_BUNDLE_IDENTIFIER = tests.AREA;
				PRODUCT_NAME = "$(TARGET_NAME)";
				SDKROOT = auto;
				SUPPORTED_PLATFORMS = "iphoneos iphonesimulator macosx";
				SWIFT_EMIT_LOC_STRINGS = YES;
				SWIFT_VERSION = 5.0;
				TARGETED_DEVICE_FAMILY = "1,2";
			};
			name = Debug;
		};
		22766CF92B17898200DCAD17 /* Release */ = {
			isa = XCBuildConfiguration;
			buildSettings = {
				ASSETCATALOG_COMPILER_APPICON_NAME = AppIcon;
				ASSETCATALOG_COMPILER_GLOBAL_ACCENT_COLOR_NAME = AccentColor;
				CODE_SIGN_ENTITLEMENTS = AREA/AREA.entitlements;
				CODE_SIGN_STYLE = Automatic;
				CURRENT_PROJECT_VERSION = 1;
				DEVELOPMENT_ASSET_PATHS = "\"AREA/Preview Content\"";
				DEVELOPMENT_TEAM = Q8S7K6T5YJ;
				ENABLE_HARDENED_RUNTIME = YES;
				ENABLE_PREVIEWS = YES;
				GENERATE_INFOPLIST_FILE = YES;
				"INFOPLIST_KEY_UIApplicationSceneManifest_Generation[sdk=iphoneos*]" = YES;
				"INFOPLIST_KEY_UIApplicationSceneManifest_Generation[sdk=iphonesimulator*]" = YES;
				"INFOPLIST_KEY_UIApplicationSupportsIndirectInputEvents[sdk=iphoneos*]" = YES;
				"INFOPLIST_KEY_UIApplicationSupportsIndirectInputEvents[sdk=iphonesimulator*]" = YES;
				"INFOPLIST_KEY_UILaunchScreen_Generation[sdk=iphoneos*]" = YES;
				"INFOPLIST_KEY_UILaunchScreen_Generation[sdk=iphonesimulator*]" = YES;
				"INFOPLIST_KEY_UIStatusBarStyle[sdk=iphoneos*]" = UIStatusBarStyleDefault;
				"INFOPLIST_KEY_UIStatusBarStyle[sdk=iphonesimulator*]" = UIStatusBarStyleDefault;
				INFOPLIST_KEY_UISupportedInterfaceOrientations_iPad = "UIInterfaceOrientationPortrait UIInterfaceOrientationPortraitUpsideDown UIInterfaceOrientationLandscapeLeft UIInterfaceOrientationLandscapeRight";
				INFOPLIST_KEY_UISupportedInterfaceOrientations_iPhone = "UIInterfaceOrientationPortrait UIInterfaceOrientationLandscapeLeft UIInterfaceOrientationLandscapeRight";
				IPHONEOS_DEPLOYMENT_TARGET = 17.0;
				LD_RUNPATH_SEARCH_PATHS = "@executable_path/Frameworks";
				"LD_RUNPATH_SEARCH_PATHS[sdk=macosx*]" = "@executable_path/../Frameworks";
				MACOSX_DEPLOYMENT_TARGET = 14.0;
				MARKETING_VERSION = 1.0;
				PRODUCT_BUNDLE_IDENTIFIER = tests.AREA;
				PRODUCT_NAME = "$(TARGET_NAME)";
				SDKROOT = auto;
				SUPPORTED_PLATFORMS = "iphoneos iphonesimulator macosx";
				SWIFT_EMIT_LOC_STRINGS = YES;
				SWIFT_VERSION = 5.0;
				TARGETED_DEVICE_FAMILY = "1,2";
			};
			name = Release;
		};
		22766CFB2B17898200DCAD17 /* Debug */ = {
			isa = XCBuildConfiguration;
			buildSettings = {
				ALWAYS_EMBED_SWIFT_STANDARD_LIBRARIES = YES;
				BUNDLE_LOADER = "$(TEST_HOST)";
				CODE_SIGN_STYLE = Automatic;
				CURRENT_PROJECT_VERSION = 1;
				DEVELOPMENT_TEAM = Q8S7K6T5YJ;
				GENERATE_INFOPLIST_FILE = YES;
				IPHONEOS_DEPLOYMENT_TARGET = 17.0;
				MACOSX_DEPLOYMENT_TARGET = 14.0;
				MARKETING_VERSION = 1.0;
				PRODUCT_BUNDLE_IDENTIFIER = tests.AREATests;
				PRODUCT_NAME = "$(TARGET_NAME)";
				SDKROOT = auto;
				SUPPORTED_PLATFORMS = "iphoneos iphonesimulator macosx";
				SWIFT_EMIT_LOC_STRINGS = NO;
				SWIFT_VERSION = 5.0;
				TARGETED_DEVICE_FAMILY = "1,2";
				TEST_HOST = "$(BUILT_PRODUCTS_DIR)/AREA.app/$(BUNDLE_EXECUTABLE_FOLDER_PATH)/AREA";
			};
			name = Debug;
		};
		22766CFC2B17898200DCAD17 /* Release */ = {
			isa = XCBuildConfiguration;
			buildSettings = {
				ALWAYS_EMBED_SWIFT_STANDARD_LIBRARIES = YES;
				BUNDLE_LOADER = "$(TEST_HOST)";
				CODE_SIGN_STYLE = Automatic;
				CURRENT_PROJECT_VERSION = 1;
				DEVELOPMENT_TEAM = Q8S7K6T5YJ;
				GENERATE_INFOPLIST_FILE = YES;
				IPHONEOS_DEPLOYMENT_TARGET = 17.0;
				MACOSX_DEPLOYMENT_TARGET = 14.0;
				MARKETING_VERSION = 1.0;
				PRODUCT_BUNDLE_IDENTIFIER = tests.AREATests;
				PRODUCT_NAME = "$(TARGET_NAME)";
				SDKROOT = auto;
				SUPPORTED_PLATFORMS = "iphoneos iphonesimulator macosx";
				SWIFT_EMIT_LOC_STRINGS = NO;
				SWIFT_VERSION = 5.0;
				TARGETED_DEVICE_FAMILY = "1,2";
				TEST_HOST = "$(BUILT_PRODUCTS_DIR)/AREA.app/$(BUNDLE_EXECUTABLE_FOLDER_PATH)/AREA";
			};
			name = Release;
		};
		22766CFE2B17898200DCAD17 /* Debug */ = {
			isa = XCBuildConfiguration;
			buildSettings = {
				ALWAYS_EMBED_SWIFT_STANDARD_LIBRARIES = YES;
				CODE_SIGN_STYLE = Automatic;
				CURRENT_PROJECT_VERSION = 1;
				DEVELOPMENT_TEAM = Q8S7K6T5YJ;
				GENERATE_INFOPLIST_FILE = YES;
				IPHONEOS_DEPLOYMENT_TARGET = 17.0;
				MACOSX_DEPLOYMENT_TARGET = 14.0;
				MARKETING_VERSION = 1.0;
				PRODUCT_BUNDLE_IDENTIFIER = tests.AREAUITests;
				PRODUCT_NAME = "$(TARGET_NAME)";
				SDKROOT = auto;
				SUPPORTED_PLATFORMS = "iphoneos iphonesimulator macosx";
				SWIFT_EMIT_LOC_STRINGS = NO;
				SWIFT_VERSION = 5.0;
				TARGETED_DEVICE_FAMILY = "1,2";
				TEST_TARGET_NAME = AREA;
			};
			name = Debug;
		};
		22766CFF2B17898200DCAD17 /* Release */ = {
			isa = XCBuildConfiguration;
			buildSettings = {
				ALWAYS_EMBED_SWIFT_STANDARD_LIBRARIES = YES;
				CODE_SIGN_STYLE = Automatic;
				CURRENT_PROJECT_VERSION = 1;
				DEVELOPMENT_TEAM = Q8S7K6T5YJ;
				GENERATE_INFOPLIST_FILE = YES;
				IPHONEOS_DEPLOYMENT_TARGET = 17.0;
				MACOSX_DEPLOYMENT_TARGET = 14.0;
				MARKETING_VERSION = 1.0;
				PRODUCT_BUNDLE_IDENTIFIER = tests.AREAUITests;
				PRODUCT_NAME = "$(TARGET_NAME)";
				SDKROOT = auto;
				SUPPORTED_PLATFORMS = "iphoneos iphonesimulator macosx";
				SWIFT_EMIT_LOC_STRINGS = NO;
				SWIFT_VERSION = 5.0;
				TARGETED_DEVICE_FAMILY = "1,2";
				TEST_TARGET_NAME = AREA;
			};
			name = Release;
		};
/* End XCBuildConfiguration section */

/* Begin XCConfigurationList section */
		22766CCD2B17898000DCAD17 /* Build configuration list for PBXProject "AREA" */ = {
			isa = XCConfigurationList;
			buildConfigurations = (
				22766CF52B17898200DCAD17 /* Debug */,
				22766CF62B17898200DCAD17 /* Release */,
			);
			defaultConfigurationIsVisible = 0;
			defaultConfigurationName = Release;
		};
		22766CF72B17898200DCAD17 /* Build configuration list for PBXNativeTarget "AREA" */ = {
			isa = XCConfigurationList;
			buildConfigurations = (
				22766CF82B17898200DCAD17 /* Debug */,
				22766CF92B17898200DCAD17 /* Release */,
			);
			defaultConfigurationIsVisible = 0;
			defaultConfigurationName = Release;
		};
		22766CFA2B17898200DCAD17 /* Build configuration list for PBXNativeTarget "AREATests" */ = {
			isa = XCConfigurationList;
			buildConfigurations = (
				22766CFB2B17898200DCAD17 /* Debug */,
				22766CFC2B17898200DCAD17 /* Release */,
			);
			defaultConfigurationIsVisible = 0;
			defaultConfigurationName = Release;
		};
		22766CFD2B17898200DCAD17 /* Build configuration list for PBXNativeTarget "AREAUITests" */ = {
			isa = XCConfigurationList;
			buildConfigurations = (
				22766CFE2B17898200DCAD17 /* Debug */,
				22766CFF2B17898200DCAD17 /* Release */,
			);
			defaultConfigurationIsVisible = 0;
			defaultConfigurationName = Release;
		};
/* End XCConfigurationList section */
	};
	rootObject = 22766CCA2B17898000DCAD17 /* Project object */;
}
